
Microsoft Visual Studio Solution File, Format Version 12.00
# Visual Studio Version 17
VisualStudioVersion = 17.8.34408.163
MinimumVisualStudioVersion = 10.0.40219.1
Project("{FAE04EC0-301F-11D3-BF4B-00C04F79EFBC}") = "GestorPacientes", "GestorPacientes\GestorPacientes.csproj", "{4D2A8591-AEB1-4298-9091-E777C2DF52E1}"
EndProject
Project("{2150E333-8FDC-42A3-9474-1A3956D46DE8}") = "Source", "Source", "{69DB835D-1EE3-4ED5-A350-B0AFB9FBC5F3}"
EndProject
Project("{2150E333-8FDC-42A3-9474-1A3956D46DE8}") = "Core", "Core", "{51C48FA1-5A80-4493-8F2D-0493B6A61FEF}"
EndProject
Project("{2150E333-8FDC-42A3-9474-1A3956D46DE8}") = "Infrastructure", "Infrastructure", "{A70904BE-8D83-48F4-9AF4-8DEDEC19C902}"
EndProject
Project("{2150E333-8FDC-42A3-9474-1A3956D46DE8}") = "Presentation", "Presentation", "{8524643B-A1D7-4E27-AD79-130B3E65AB81}"
EndProject
Project("{FAE04EC0-301F-11D3-BF4B-00C04F79EFBC}") = "GestorPacientes.Core.Domain", "Domain\GestorPacientes.Core.Domain.csproj", "{F6061607-10D6-4126-BF15-3D5FC97E8844}"
EndProject
Project("{FAE04EC0-301F-11D3-BF4B-00C04F79EFBC}") = "GestorPacientes.Core.Application", "Application\GestorPacientes.Core.Application.csproj", "{6AABCCA0-56F0-4BED-BF45-67F14C3876A1}"
EndProject
Project("{FAE04EC0-301F-11D3-BF4B-00C04F79EFBC}") = "GestorPacientes.Infrastructure.Persistence", "Persistence\GestorPacientes.Infrastructure.Persistence.csproj", "{EB671C10-884A-4B0F-A27D-C7FEC03F8995}"
EndProject
Global
	GlobalSection(SolutionConfigurationPlatforms) = preSolution
		Debug|Any CPU = Debug|Any CPU
		Release|Any CPU = Release|Any CPU
	EndGlobalSection
	GlobalSection(ProjectConfigurationPlatforms) = postSolution
		{4D2A8591-AEB1-4298-9091-E777C2DF52E1}.Debug|Any CPU.ActiveCfg = Debug|Any CPU
		{4D2A8591-AEB1-4298-9091-E777C2DF52E1}.Debug|Any CPU.Build.0 = Debug|Any CPU
		{4D2A8591-AEB1-4298-9091-E777C2DF52E1}.Release|Any CPU.ActiveCfg = Release|Any CPU
		{4D2A8591-AEB1-4298-9091-E777C2DF52E1}.Release|Any CPU.Build.0 = Release|Any CPU
		{F6061607-10D6-4126-BF15-3D5FC97E8844}.Debug|Any CPU.ActiveCfg = Debug|Any CPU
		{F6061607-10D6-4126-BF15-3D5FC97E8844}.Debug|Any CPU.Build.0 = Debug|Any CPU
		{F6061607-10D6-4126-BF15-3D5FC97E8844}.Release|Any CPU.ActiveCfg = Release|Any CPU
		{F6061607-10D6-4126-BF15-3D5FC97E8844}.Release|Any CPU.Build.0 = Release|Any CPU
		{6AABCCA0-56F0-4BED-BF45-67F14C3876A1}.Debug|Any CPU.ActiveCfg = Debug|Any CPU
		{6AABCCA0-56F0-4BED-BF45-67F14C3876A1}.Debug|Any CPU.Build.0 = Debug|Any CPU
		{6AABCCA0-56F0-4BED-BF45-67F14C3876A1}.Release|Any CPU.ActiveCfg = Release|Any CPU
		{6AABCCA0-56F0-4BED-BF45-67F14C3876A1}.Release|Any CPU.Build.0 = Release|Any CPU
		{EB671C10-884A-4B0F-A27D-C7FEC03F8995}.Debug|Any CPU.ActiveCfg = Debug|Any CPU
		{EB671C10-884A-4B0F-A27D-C7FEC03F8995}.Debug|Any CPU.Build.0 = Debug|Any CPU
		{EB671C10-884A-4B0F-A27D-C7FEC03F8995}.Release|Any CPU.ActiveCfg = Release|Any CPU
		{EB671C10-884A-4B0F-A27D-C7FEC03F8995}.Release|Any CPU.Build.0 = Release|Any CPU
	EndGlobalSection
	GlobalSection(SolutionProperties) = preSolution
		HideSolutionNode = FALSE
	EndGlobalSection
	GlobalSection(NestedProjects) = preSolution
		{4D2A8591-AEB1-4298-9091-E777C2DF52E1} = {8524643B-A1D7-4E27-AD79-130B3E65AB81}
		{51C48FA1-5A80-4493-8F2D-0493B6A61FEF} = {69DB835D-1EE3-4ED5-A350-B0AFB9FBC5F3}
		{A70904BE-8D83-48F4-9AF4-8DEDEC19C902} = {69DB835D-1EE3-4ED5-A350-B0AFB9FBC5F3}
		{8524643B-A1D7-4E27-AD79-130B3E65AB81} = {69DB835D-1EE3-4ED5-A350-B0AFB9FBC5F3}
		{F6061607-10D6-4126-BF15-3D5FC97E8844} = {51C48FA1-5A80-4493-8F2D-0493B6A61FEF}
		{6AABCCA0-56F0-4BED-BF45-67F14C3876A1} = {51C48FA1-5A80-4493-8F2D-0493B6A61FEF}
		{EB671C10-884A-4B0F-A27D-C7FEC03F8995} = {A70904BE-8D83-48F4-9AF4-8DEDEC19C902}
	EndGlobalSection
	GlobalSection(ExtensibilityGlobals) = postSolution
		SolutionGuid = {B2A3F1F3-F1C6-4716-9B77-8AC15116C3BA}
	EndGlobalSection
EndGlobal
